
Microsoft Visual Studio Solution File, Format Version 12.00
# Visual Studio Version 17
VisualStudioVersion = 17.14.36414.22 d17.14
MinimumVisualStudioVersion = 10.0.40219.1
Project("{FAE04EC0-301F-11D3-BF4B-00C04F79EFBC}") = "JeuBatailleNavale", "JeuBatailleNavale\JeuBatailleNavale.csproj", "{21F9055A-6CA2-40AA-9C6C-91D36A58B58E}"
EndProject
Global
	GlobalSection(SolutionConfigurationPlatforms) = preSolution
		Debug|Any CPU = Debug|Any CPU
		Release|Any CPU = Release|Any CPU
	EndGlobalSection
	GlobalSection(ProjectConfigurationPlatforms) = postSolution
		{21F9055A-6CA2-40AA-9C6C-91D36A58B58E}.Debug|Any CPU.ActiveCfg = Debug|Any CPU
		{21F9055A-6CA2-40AA-9C6C-91D36A58B58E}.Debug|Any CPU.Build.0 = Debug|Any CPU
		{21F9055A-6CA2-40AA-9C6C-91D36A58B58E}.Release|Any CPU.ActiveCfg = Release|Any CPU
		{21F9055A-6CA2-40AA-9C6C-91D36A58B58E}.Release|Any CPU.Build.0 = Release|Any CPU
	EndGlobalSection
	GlobalSection(SolutionProperties) = preSolution
		HideSolutionNode = FALSE
	EndGlobalSection
	GlobalSection(ExtensibilityGlobals) = postSolution
		SolutionGuid = {54C7B653-978F-4798-BC76-BB8E9950CF28}
	EndGlobalSection
EndGlobal
